
Microsoft Visual Studio Solution File, Format Version 12.00
# Visual Studio Version 17
VisualStudioVersion = 17.2.32630.192
MinimumVisualStudioVersion = 10.0.40219.1
Project("{FAE04EC0-301F-11D3-BF4B-00C04F79EFBC}") = "LeetcodeSolutionLibrary", "LeetcodeSolutionLibrary\LeetcodeSolutionLibrary.csproj", "{0995F958-9F7A-4BB8-8B22-899EBB4BE44F}"
EndProject
Project("{FAE04EC0-301F-11D3-BF4B-00C04F79EFBC}") = "LeetcodeConsole", "LeetcodeConsole\LeetcodeConsole.csproj", "{67D1FAFE-04D7-490F-AF25-5161557DAF20}"
EndProject
Global
	GlobalSection(SolutionConfigurationPlatforms) = preSolution
		Debug|Any CPU = Debug|Any CPU
		Release|Any CPU = Release|Any CPU
	EndGlobalSection
	GlobalSection(ProjectConfigurationPlatforms) = postSolution
		{0995F958-9F7A-4BB8-8B22-899EBB4BE44F}.Debug|Any CPU.ActiveCfg = Debug|Any CPU
		{0995F958-9F7A-4BB8-8B22-899EBB4BE44F}.Debug|Any CPU.Build.0 = Debug|Any CPU
		{0995F958-9F7A-4BB8-8B22-899EBB4BE44F}.Release|Any CPU.ActiveCfg = Release|Any CPU
		{0995F958-9F7A-4BB8-8B22-899EBB4BE44F}.Release|Any CPU.Build.0 = Release|Any CPU
		{67D1FAFE-04D7-490F-AF25-5161557DAF20}.Debug|Any CPU.ActiveCfg = Debug|Any CPU
		{67D1FAFE-04D7-490F-AF25-5161557DAF20}.Debug|Any CPU.Build.0 = Debug|Any CPU
		{67D1FAFE-04D7-490F-AF25-5161557DAF20}.Release|Any CPU.ActiveCfg = Release|Any CPU
		{67D1FAFE-04D7-490F-AF25-5161557DAF20}.Release|Any CPU.Build.0 = Release|Any CPU
	EndGlobalSection
	GlobalSection(SolutionProperties) = preSolution
		HideSolutionNode = FALSE
	EndGlobalSection
	GlobalSection(ExtensibilityGlobals) = postSolution
		SolutionGuid = {1130E327-FE82-4EF3-83D6-68B4C73B36EB}
	EndGlobalSection
EndGlobal
